// !$*UTF8*$!
{
	archiveVersion = 1;
	classes = {
	};
	objectVersion = 56;
	objects = {

/* Begin PBXBuildFile section */
		4902F3C02AE384200004CA5C /* AppDelegate.swift in Sources */ = {isa = PBXBuildFile; fileRef = 4902F3BF2AE384200004CA5C /* AppDelegate.swift */; };
		4902F3C22AE384200004CA5C /* SceneDelegate.swift in Sources */ = {isa = PBXBuildFile; fileRef = 4902F3C12AE384200004CA5C /* SceneDelegate.swift */; };
		4902F3C72AE384200004CA5C /* Main.storyboard in Resources */ = {isa = PBXBuildFile; fileRef = 4902F3C52AE384200004CA5C /* Main.storyboard */; };
		4902F3C92AE384240004CA5C /* Assets.xcassets in Resources */ = {isa = PBXBuildFile; fileRef = 4902F3C82AE384240004CA5C /* Assets.xcassets */; };
		4902F3CC2AE384240004CA5C /* LaunchScreen.storyboard in Resources */ = {isa = PBXBuildFile; fileRef = 4902F3CA2AE384240004CA5C /* LaunchScreen.storyboard */; };
		49AF8F272AFF464D009E4236 /* CircularProgressBarView.swift in Sources */ = {isa = PBXBuildFile; fileRef = 49AF8F262AFF464D009E4236 /* CircularProgressBarView.swift */; };
		4B790A952AF73A76005A3F30 /* Event.swift in Sources */ = {isa = PBXBuildFile; fileRef = 4B790A942AF73A76005A3F30 /* Event.swift */; };
		4B790A982AF75195005A3F30 /* NetworkService.swift in Sources */ = {isa = PBXBuildFile; fileRef = 4B790A972AF75195005A3F30 /* NetworkService.swift */; };
		4B790A9A2AF75F88005A3F30 /* User.swift in Sources */ = {isa = PBXBuildFile; fileRef = 4B790A992AF75F88005A3F30 /* User.swift */; };
		4B790A9C2AF76070005A3F30 /* HomePageViewController.swift in Sources */ = {isa = PBXBuildFile; fileRef = 4B790A9B2AF76070005A3F30 /* HomePageViewController.swift */; };
		4B790A9E2AF760F7005A3F30 /* StartScreenController.swift in Sources */ = {isa = PBXBuildFile; fileRef = 4B790A9D2AF760F7005A3F30 /* StartScreenController.swift */; };
		4B790AA02AF763E1005A3F30 /* LifePathPageController.swift in Sources */ = {isa = PBXBuildFile; fileRef = 4B790A9F2AF763E1005A3F30 /* LifePathPageController.swift */; };
		4B790AA22AF76527005A3F30 /* Character.swift in Sources */ = {isa = PBXBuildFile; fileRef = 4B790AA12AF76527005A3F30 /* Character.swift */; };
		4B790AA42AF7679D005A3F30 /* Choice.swift in Sources */ = {isa = PBXBuildFile; fileRef = 4B790AA32AF7679D005A3F30 /* Choice.swift */; };
/* End PBXBuildFile section */

/* Begin PBXFileReference section */
		4902F3BC2AE384200004CA5C /* Veil-of-Reality.app */ = {isa = PBXFileReference; explicitFileType = wrapper.application; includeInIndex = 0; path = "Veil-of-Reality.app"; sourceTree = BUILT_PRODUCTS_DIR; };
		4902F3BF2AE384200004CA5C /* AppDelegate.swift */ = {isa = PBXFileReference; lastKnownFileType = sourcecode.swift; path = AppDelegate.swift; sourceTree = "<group>"; };
		4902F3C12AE384200004CA5C /* SceneDelegate.swift */ = {isa = PBXFileReference; lastKnownFileType = sourcecode.swift; path = SceneDelegate.swift; sourceTree = "<group>"; };
		4902F3C62AE384200004CA5C /* Base */ = {isa = PBXFileReference; lastKnownFileType = file.storyboard; name = Base; path = Base.lproj/Main.storyboard; sourceTree = "<group>"; };
		4902F3C82AE384240004CA5C /* Assets.xcassets */ = {isa = PBXFileReference; lastKnownFileType = folder.assetcatalog; path = Assets.xcassets; sourceTree = "<group>"; };
		4902F3CB2AE384240004CA5C /* Base */ = {isa = PBXFileReference; lastKnownFileType = file.storyboard; name = Base; path = Base.lproj/LaunchScreen.storyboard; sourceTree = "<group>"; };
		4902F3CD2AE384240004CA5C /* Info.plist */ = {isa = PBXFileReference; lastKnownFileType = text.plist.xml; path = Info.plist; sourceTree = "<group>"; };
		49AF8F262AFF464D009E4236 /* CircularProgressBarView.swift */ = {isa = PBXFileReference; lastKnownFileType = sourcecode.swift; path = CircularProgressBarView.swift; sourceTree = "<group>"; };
		4B790A942AF73A76005A3F30 /* Event.swift */ = {isa = PBXFileReference; lastKnownFileType = sourcecode.swift; path = Event.swift; sourceTree = "<group>"; };
		4B790A972AF75195005A3F30 /* NetworkService.swift */ = {isa = PBXFileReference; lastKnownFileType = sourcecode.swift; path = NetworkService.swift; sourceTree = "<group>"; };
		4B790A992AF75F88005A3F30 /* User.swift */ = {isa = PBXFileReference; lastKnownFileType = sourcecode.swift; path = User.swift; sourceTree = "<group>"; };
		4B790A9B2AF76070005A3F30 /* HomePageViewController.swift */ = {isa = PBXFileReference; lastKnownFileType = sourcecode.swift; path = HomePageViewController.swift; sourceTree = "<group>"; };
		4B790A9D2AF760F7005A3F30 /* StartScreenController.swift */ = {isa = PBXFileReference; lastKnownFileType = sourcecode.swift; path = StartScreenController.swift; sourceTree = "<group>"; };
		4B790A9F2AF763E1005A3F30 /* LifePathPageController.swift */ = {isa = PBXFileReference; lastKnownFileType = sourcecode.swift; path = LifePathPageController.swift; sourceTree = "<group>"; };
		4B790AA12AF76527005A3F30 /* Character.swift */ = {isa = PBXFileReference; lastKnownFileType = sourcecode.swift; path = Character.swift; sourceTree = "<group>"; };
		4B790AA32AF7679D005A3F30 /* Choice.swift */ = {isa = PBXFileReference; lastKnownFileType = sourcecode.swift; path = Choice.swift; sourceTree = "<group>"; };
/* End PBXFileReference section */

/* Begin PBXFrameworksBuildPhase section */
		4902F3B92AE384200004CA5C /* Frameworks */ = {
			isa = PBXFrameworksBuildPhase;
			buildActionMask = 2147483647;
			files = (
			);
			runOnlyForDeploymentPostprocessing = 0;
		};
/* End PBXFrameworksBuildPhase section */

/* Begin PBXGroup section */
		4902F3B32AE384200004CA5C = {
			isa = PBXGroup;
			children = (
				4902F3BE2AE384200004CA5C /* Veil-of-Reality */,
				4902F3BD2AE384200004CA5C /* Products */,
			);
			sourceTree = "<group>";
		};
		4902F3BD2AE384200004CA5C /* Products */ = {
			isa = PBXGroup;
			children = (
				4902F3BC2AE384200004CA5C /* Veil-of-Reality.app */,
			);
			name = Products;
			sourceTree = "<group>";
		};
		4902F3BE2AE384200004CA5C /* Veil-of-Reality */ = {
			isa = PBXGroup;
			children = (
				4B790A962AF7515F005A3F30 /* Networking */,
				4B6B8D2B2AF074250030A548 /* Controllers */,
				4B6B8D2A2AF074060030A548 /* Views */,
				4B6B8D292AF073FA0030A548 /* Models */,
				4902F3BF2AE384200004CA5C /* AppDelegate.swift */,
				4902F3C12AE384200004CA5C /* SceneDelegate.swift */,
				4902F3C52AE384200004CA5C /* Main.storyboard */,
				4902F3C82AE384240004CA5C /* Assets.xcassets */,
				4902F3CA2AE384240004CA5C /* LaunchScreen.storyboard */,
				4902F3CD2AE384240004CA5C /* Info.plist */,
			);
			path = "Veil-of-Reality";
			sourceTree = "<group>";
		};
		4B6B8D292AF073FA0030A548 /* Models */ = {
			isa = PBXGroup;
			children = (
				4B790A942AF73A76005A3F30 /* Event.swift */,
				4B790A992AF75F88005A3F30 /* User.swift */,
				4B790AA12AF76527005A3F30 /* Character.swift */,
				4B790AA32AF7679D005A3F30 /* Choice.swift */,
				49AF8F262AFF464D009E4236 /* CircularProgressBarView.swift */,
			);
			path = Models;
			sourceTree = "<group>";
		};
		4B6B8D2A2AF074060030A548 /* Views */ = {
			isa = PBXGroup;
			children = (
			);
			path = Views;
			sourceTree = "<group>";
		};
		4B6B8D2B2AF074250030A548 /* Controllers */ = {
			isa = PBXGroup;
			children = (
				4B790A9B2AF76070005A3F30 /* HomePageViewController.swift */,
				4B790A9D2AF760F7005A3F30 /* StartScreenController.swift */,
				4B790A9F2AF763E1005A3F30 /* LifePathPageController.swift */,
			);
			path = Controllers;
			sourceTree = "<group>";
		};
		4B790A962AF7515F005A3F30 /* Networking */ = {
			isa = PBXGroup;
			children = (
				4B790A972AF75195005A3F30 /* NetworkService.swift */,
			);
			path = Networking;
			sourceTree = "<group>";
		};
/* End PBXGroup section */

/* Begin PBXNativeTarget section */
		4902F3BB2AE384200004CA5C /* Veil-of-Reality */ = {
			isa = PBXNativeTarget;
			buildConfigurationList = 4902F3D02AE384240004CA5C /* Build configuration list for PBXNativeTarget "Veil-of-Reality" */;
			buildPhases = (
				4902F3B82AE384200004CA5C /* Sources */,
				4902F3B92AE384200004CA5C /* Frameworks */,
				4902F3BA2AE384200004CA5C /* Resources */,
			);
			buildRules = (
			);
			dependencies = (
			);
			name = "Veil-of-Reality";
			productName = "Veil-of-Reality";
			productReference = 4902F3BC2AE384200004CA5C /* Veil-of-Reality.app */;
			productType = "com.apple.product-type.application";
		};
/* End PBXNativeTarget section */

/* Begin PBXProject section */
		4902F3B42AE384200004CA5C /* Project object */ = {
			isa = PBXProject;
			attributes = {
				BuildIndependentTargetsInParallel = 1;
				LastSwiftUpdateCheck = 1430;
				LastUpgradeCheck = 1430;
				TargetAttributes = {
					4902F3BB2AE384200004CA5C = {
						CreatedOnToolsVersion = 14.3.1;
					};
				};
			};
			buildConfigurationList = 4902F3B72AE384200004CA5C /* Build configuration list for PBXProject "Veil-of-Reality" */;
			compatibilityVersion = "Xcode 14.0";
			developmentRegion = en;
			hasScannedForEncodings = 0;
			knownRegions = (
				en,
				Base,
			);
			mainGroup = 4902F3B32AE384200004CA5C;
			productRefGroup = 4902F3BD2AE384200004CA5C /* Products */;
			projectDirPath = "";
			projectRoot = "";
			targets = (
				4902F3BB2AE384200004CA5C /* Veil-of-Reality */,
			);
		};
/* End PBXProject section */

/* Begin PBXResourcesBuildPhase section */
		4902F3BA2AE384200004CA5C /* Resources */ = {
			isa = PBXResourcesBuildPhase;
			buildActionMask = 2147483647;
			files = (
				4902F3CC2AE384240004CA5C /* LaunchScreen.storyboard in Resources */,
				4902F3C92AE384240004CA5C /* Assets.xcassets in Resources */,
				4902F3C72AE384200004CA5C /* Main.storyboard in Resources */,
			);
			runOnlyForDeploymentPostprocessing = 0;
		};
/* End PBXResourcesBuildPhase section */

/* Begin PBXSourcesBuildPhase section */
		4902F3B82AE384200004CA5C /* Sources */ = {
			isa = PBXSourcesBuildPhase;
			buildActionMask = 2147483647;
			files = (
				4B790AA02AF763E1005A3F30 /* LifePathPageController.swift in Sources */,
				4B790A9E2AF760F7005A3F30 /* StartScreenController.swift in Sources */,
				4B790AA42AF7679D005A3F30 /* Choice.swift in Sources */,
				4B790A982AF75195005A3F30 /* NetworkService.swift in Sources */,
				4B790A9C2AF76070005A3F30 /* HomePageViewController.swift in Sources */,
				4B790A952AF73A76005A3F30 /* Event.swift in Sources */,
				4B790A9A2AF75F88005A3F30 /* User.swift in Sources */,
				4B790AA22AF76527005A3F30 /* Character.swift in Sources */,
				49AF8F272AFF464D009E4236 /* CircularProgressBarView.swift in Sources */,
				4902F3C02AE384200004CA5C /* AppDelegate.swift in Sources */,
				4902F3C22AE384200004CA5C /* SceneDelegate.swift in Sources */,
			);
			runOnlyForDeploymentPostprocessing = 0;
		};
/* End PBXSourcesBuildPhase section */

/* Begin PBXVariantGroup section */
		4902F3C52AE384200004CA5C /* Main.storyboard */ = {
			isa = PBXVariantGroup;
			children = (
				4902F3C62AE384200004CA5C /* Base */,
			);
			name = Main.storyboard;
			sourceTree = "<group>";
		};
		4902F3CA2AE384240004CA5C /* LaunchScreen.storyboard */ = {
			isa = PBXVariantGroup;
			children = (
				4902F3CB2AE384240004CA5C /* Base */,
			);
			name = LaunchScreen.storyboard;
			sourceTree = "<group>";
		};
/* End PBXVariantGroup section */

/* Begin XCBuildConfiguration section */
		4902F3CE2AE384240004CA5C /* Debug */ = {
			isa = XCBuildConfiguration;
			buildSettings = {
				ALWAYS_SEARCH_USER_PATHS = NO;
				CLANG_ANALYZER_NONNULL = YES;
				CLANG_ANALYZER_NUMBER_OBJECT_CONVERSION = YES_AGGRESSIVE;
				CLANG_CXX_LANGUAGE_STANDARD = "gnu++20";
				CLANG_ENABLE_MODULES = YES;
				CLANG_ENABLE_OBJC_ARC = YES;
				CLANG_ENABLE_OBJC_WEAK = YES;
				CLANG_WARN_BLOCK_CAPTURE_AUTORELEASING = YES;
				CLANG_WARN_BOOL_CONVERSION = YES;
				CLANG_WARN_COMMA = YES;
				CLANG_WARN_CONSTANT_CONVERSION = YES;
				CLANG_WARN_DEPRECATED_OBJC_IMPLEMENTATIONS = YES;
				CLANG_WARN_DIRECT_OBJC_ISA_USAGE = YES_ERROR;
				CLANG_WARN_DOCUMENTATION_COMMENTS = YES;
				CLANG_WARN_EMPTY_BODY = YES;
				CLANG_WARN_ENUM_CONVERSION = YES;
				CLANG_WARN_INFINITE_RECURSION = YES;
				CLANG_WARN_INT_CONVERSION = YES;
				CLANG_WARN_NON_LITERAL_NULL_CONVERSION = YES;
				CLANG_WARN_OBJC_IMPLICIT_RETAIN_SELF = YES;
				CLANG_WARN_OBJC_LITERAL_CONVERSION = YES;
				CLANG_WARN_OBJC_ROOT_CLASS = YES_ERROR;
				CLANG_WARN_QUOTED_INCLUDE_IN_FRAMEWORK_HEADER = YES;
				CLANG_WARN_RANGE_LOOP_ANALYSIS = YES;
				CLANG_WARN_STRICT_PROTOTYPES = YES;
				CLANG_WARN_SUSPICIOUS_MOVE = YES;
				CLANG_WARN_UNGUARDED_AVAILABILITY = YES_AGGRESSIVE;
				CLANG_WARN_UNREACHABLE_CODE = YES;
				CLANG_WARN__DUPLICATE_METHOD_MATCH = YES;
				COPY_PHASE_STRIP = NO;
				DEBUG_INFORMATION_FORMAT = dwarf;
				ENABLE_STRICT_OBJC_MSGSEND = YES;
				ENABLE_TESTABILITY = YES;
				GCC_C_LANGUAGE_STANDARD = gnu11;
				GCC_DYNAMIC_NO_PIC = NO;
				GCC_NO_COMMON_BLOCKS = YES;
				GCC_OPTIMIZATION_LEVEL = 0;
				GCC_PREPROCESSOR_DEFINITIONS = (
					"DEBUG=1",
					"$(inherited)",
				);
				GCC_WARN_64_TO_32_BIT_CONVERSION = YES;
				GCC_WARN_ABOUT_RETURN_TYPE = YES_ERROR;
				GCC_WARN_UNDECLARED_SELECTOR = YES;
				GCC_WARN_UNINITIALIZED_AUTOS = YES_AGGRESSIVE;
				GCC_WARN_UNUSED_FUNCTION = YES;
				GCC_WARN_UNUSED_VARIABLE = YES;
				IPHONEOS_DEPLOYMENT_TARGET = 16.4;
				MTL_ENABLE_DEBUG_INFO = INCLUDE_SOURCE;
				MTL_FAST_MATH = YES;
				ONLY_ACTIVE_ARCH = YES;
				SDKROOT = iphoneos;
				SWIFT_ACTIVE_COMPILATION_CONDITIONS = DEBUG;
				SWIFT_OPTIMIZATION_LEVEL = "-Onone";
			};
			name = Debug;
		};
		4902F3CF2AE384240004CA5C /* Release */ = {
			isa = XCBuildConfiguration;
			buildSettings = {
				ALWAYS_SEARCH_USER_PATHS = NO;
				CLANG_ANALYZER_NONNULL = YES;
				CLANG_ANALYZER_NUMBER_OBJECT_CONVERSION = YES_AGGRESSIVE;
				CLANG_CXX_LANGUAGE_STANDARD = "gnu++20";
				CLANG_ENABLE_MODULES = YES;
				CLANG_ENABLE_OBJC_ARC = YES;
				CLANG_ENABLE_OBJC_WEAK = YES;
				CLANG_WARN_BLOCK_CAPTURE_AUTORELEASING = YES;
				CLANG_WARN_BOOL_CONVERSION = YES;
				CLANG_WARN_COMMA = YES;
				CLANG_WARN_CONSTANT_CONVERSION = YES;
				CLANG_WARN_DEPRECATED_OBJC_IMPLEMENTATIONS = YES;
				CLANG_WARN_DIRECT_OBJC_ISA_USAGE = YES_ERROR;
				CLANG_WARN_DOCUMENTATION_COMMENTS = YES;
				CLANG_WARN_EMPTY_BODY = YES;
				CLANG_WARN_ENUM_CONVERSION = YES;
				CLANG_WARN_INFINITE_RECURSION = YES;
				CLANG_WARN_INT_CONVERSION = YES;
				CLANG_WARN_NON_LITERAL_NULL_CONVERSION = YES;
				CLANG_WARN_OBJC_IMPLICIT_RETAIN_SELF = YES;
				CLANG_WARN_OBJC_LITERAL_CONVERSION = YES;
				CLANG_WARN_OBJC_ROOT_CLASS = YES_ERROR;
				CLANG_WARN_QUOTED_INCLUDE_IN_FRAMEWORK_HEADER = YES;
				CLANG_WARN_RANGE_LOOP_ANALYSIS = YES;
				CLANG_WARN_STRICT_PROTOTYPES = YES;
				CLANG_WARN_SUSPICIOUS_MOVE = YES;
				CLANG_WARN_UNGUARDED_AVAILABILITY = YES_AGGRESSIVE;
				CLANG_WARN_UNREACHABLE_CODE = YES;
				CLANG_WARN__DUPLICATE_METHOD_MATCH = YES;
				COPY_PHASE_STRIP = NO;
				DEBUG_INFORMATION_FORMAT = "dwarf-with-dsym";
				ENABLE_NS_ASSERTIONS = NO;
				ENABLE_STRICT_OBJC_MSGSEND = YES;
				GCC_C_LANGUAGE_STANDARD = gnu11;
				GCC_NO_COMMON_BLOCKS = YES;
				GCC_WARN_64_TO_32_BIT_CONVERSION = YES;
				GCC_WARN_ABOUT_RETURN_TYPE = YES_ERROR;
				GCC_WARN_UNDECLARED_SELECTOR = YES;
				GCC_WARN_UNINITIALIZED_AUTOS = YES_AGGRESSIVE;
				GCC_WARN_UNUSED_FUNCTION = YES;
				GCC_WARN_UNUSED_VARIABLE = YES;
				IPHONEOS_DEPLOYMENT_TARGET = 16.4;
				MTL_ENABLE_DEBUG_INFO = NO;
				MTL_FAST_MATH = YES;
				SDKROOT = iphoneos;
				SWIFT_COMPILATION_MODE = wholemodule;
				SWIFT_OPTIMIZATION_LEVEL = "-O";
				VALIDATE_PRODUCT = YES;
			};
			name = Release;
		};
		4902F3D12AE384240004CA5C /* Debug */ = {
			isa = XCBuildConfiguration;
			buildSettings = {
				ASSETCATALOG_COMPILER_APPICON_NAME = AppIcon;
				ASSETCATALOG_COMPILER_GLOBAL_ACCENT_COLOR_NAME = AccentColor;
				CODE_SIGN_STYLE = Automatic;
				CURRENT_PROJECT_VERSION = 1;
				DEVELOPMENT_TEAM = MB7H23LH8W;
				GENERATE_INFOPLIST_FILE = YES;
				INFOPLIST_FILE = "Veil-of-Reality/Info.plist";
				INFOPLIST_KEY_UIApplicationSupportsIndirectInputEvents = YES;
				INFOPLIST_KEY_UILaunchStoryboardName = LaunchScreen;
				INFOPLIST_KEY_UIMainStoryboardFile = Main;
				INFOPLIST_KEY_UISupportedInterfaceOrientations_iPad = "UIInterfaceOrientationPortrait UIInterfaceOrientationPortraitUpsideDown UIInterfaceOrientationLandscapeLeft UIInterfaceOrientationLandscapeRight";
				INFOPLIST_KEY_UISupportedInterfaceOrientations_iPhone = "UIInterfaceOrientationPortrait UIInterfaceOrientationLandscapeLeft UIInterfaceOrientationLandscapeRight";
				IPHONEOS_DEPLOYMENT_TARGET = 15.0;
				LD_RUNPATH_SEARCH_PATHS = (
					"$(inherited)",
					"@executable_path/Frameworks",
				);
				MARKETING_VERSION = 1.0;
				PRODUCT_BUNDLE_IDENTIFIER = "WashU.Veil-of-Reality";
				PRODUCT_NAME = "$(TARGET_NAME)";
				SWIFT_EMIT_LOC_STRINGS = YES;
				SWIFT_VERSION = 5.0;
				TARGETED_DEVICE_FAMILY = "1,2";
			};
			name = Debug;
		};
		4902F3D22AE384240004CA5C /* Release */ = {
			isa = XCBuildConfiguration;
			buildSettings = {
				ASSETCATALOG_COMPILER_APPICON_NAME = AppIcon;
				ASSETCATALOG_COMPILER_GLOBAL_ACCENT_COLOR_NAME = AccentColor;
				CODE_SIGN_STYLE = Automatic;
				CURRENT_PROJECT_VERSION = 1;
				DEVELOPMENT_TEAM = MB7H23LH8W;
				GENERATE_INFOPLIST_FILE = YES;
				INFOPLIST_FILE = "Veil-of-Reality/Info.plist";
				INFOPLIST_KEY_UIApplicationSupportsIndirectInputEvents = YES;
				INFOPLIST_KEY_UILaunchStoryboardName = LaunchScreen;
				INFOPLIST_KEY_UIMainStoryboardFile = Main;
				INFOPLIST_KEY_UISupportedInterfaceOrientations_iPad = "UIInterfaceOrientationPortrait UIInterfaceOrientationPortraitUpsideDown UIInterfaceOrientationLandscapeLeft UIInterfaceOrientationLandscapeRight";
				INFOPLIST_KEY_UISupportedInterfaceOrientations_iPhone = "UIInterfaceOrientationPortrait UIInterfaceOrientationLandscapeLeft UIInterfaceOrientationLandscapeRight";
				IPHONEOS_DEPLOYMENT_TARGET = 15.0;
				LD_RUNPATH_SEARCH_PATHS = (
					"$(inherited)",
					"@executable_path/Frameworks",
				);
				MARKETING_VERSION = 1.0;
				PRODUCT_BUNDLE_IDENTIFIER = "WashU.Veil-of-Reality";
				PRODUCT_NAME = "$(TARGET_NAME)";
				SWIFT_EMIT_LOC_STRINGS = YES;
				SWIFT_VERSION = 5.0;
				TARGETED_DEVICE_FAMILY = "1,2";
			};
			name = Release;
		};
/* End XCBuildConfiguration section */

/* Begin XCConfigurationList section */
		4902F3B72AE384200004CA5C /* Build configuration list for PBXProject "Veil-of-Reality" */ = {
			isa = XCConfigurationList;
			buildConfigurations = (
				4902F3CE2AE384240004CA5C /* Debug */,
				4902F3CF2AE384240004CA5C /* Release */,
			);
			defaultConfigurationIsVisible = 0;
			defaultConfigurationName = Release;
		};
		4902F3D02AE384240004CA5C /* Build configuration list for PBXNativeTarget "Veil-of-Reality" */ = {
			isa = XCConfigurationList;
			buildConfigurations = (
				4902F3D12AE384240004CA5C /* Debug */,
				4902F3D22AE384240004CA5C /* Release */,
			);
			defaultConfigurationIsVisible = 0;
			defaultConfigurationName = Release;
		};
/* End XCConfigurationList section */
	};
	rootObject = 4902F3B42AE384200004CA5C /* Project object */;
}
